{
  "name": "trade-up",
  "version": "1.0.0",
  "lockfileVersion": 1,
  "requires": true,
  "dependencies": {
    "easy": {
      "version": "12.0.9",
      "resolved": "https://registry.npmjs.org/easy/-/easy-12.0.9.tgz",
      "integrity": "sha512-cTodJOtzRjS9PbRfpUYTjnErBXxlzdVDru86Ua2oHEvSTNYw871nZiNw/4H3oNpY7yc836YwYIkFif7ErXI2VA=="
    },
    "webcam": {
      "version": "3.2.1",
      "resolved": "https://registry.npmjs.org/webcam/-/webcam-3.2.1.tgz",
      "integrity": "sha512-TJ68Olwh90wxiiz7CY2fanLh584hdUJGVPPNt2RsjXtMva4Rcf2aJCVadiPWL2DSB0vYUOMorlhJsuz08/ArZQ=="
    }
  }
}
